
Microsoft Visual Studio Solution File, Format Version 12.00
# Visual Studio Version 16
VisualStudioVersion = 16.0.30517.126
MinimumVisualStudioVersion = 10.0.40219.1
Project("{FAE04EC0-301F-11D3-BF4B-00C04F79EFBC}") = "ShipLoadingGame", "ShipLoadingGame.csproj", "{326C0E52-F23D-4FFE-9A27-A39620B9FF6C}"
EndProject
Global
	GlobalSection(SolutionConfigurationPlatforms) = preSolution
		Debug|Any CPU = Debug|Any CPU
		Release|Any CPU = Release|Any CPU
	EndGlobalSection
	GlobalSection(ProjectConfigurationPlatforms) = postSolution
		{326C0E52-F23D-4FFE-9A27-A39620B9FF6C}.Debug|Any CPU.ActiveCfg = Debug|Any CPU
		{326C0E52-F23D-4FFE-9A27-A39620B9FF6C}.Debug|Any CPU.Build.0 = Debug|Any CPU
		{326C0E52-F23D-4FFE-9A27-A39620B9FF6C}.Release|Any CPU.ActiveCfg = Release|Any CPU
		{326C0E52-F23D-4FFE-9A27-A39620B9FF6C}.Release|Any CPU.Build.0 = Release|Any CPU
	EndGlobalSection
	GlobalSection(SolutionProperties) = preSolution
		HideSolutionNode = FALSE
	EndGlobalSection
	GlobalSection(ExtensibilityGlobals) = postSolution
		SolutionGuid = {5361C6BE-3FBE-40F0-A2D4-0106DDF785AB}
	EndGlobalSection
EndGlobal
